
Microsoft Visual Studio Solution File, Format Version 12.00
# Visual Studio Version 17
VisualStudioVersion = 17.12.35527.113
MinimumVisualStudioVersion = 10.0.40219.1
Project("{FAE04EC0-301F-11D3-BF4B-00C04F79EFBC}") = "TicketsManagement", "TicketsManagement\TicketsManagement.csproj", "{543899BC-F158-4E4D-94F5-8CC758800180}"
EndProject
Project("{FAE04EC0-301F-11D3-BF4B-00C04F79EFBC}") = "Application", "Application\Application.csproj", "{CB5EC608-F8CD-43C9-B4AB-99B112DCC382}"
EndProject
Project("{FAE04EC0-301F-11D3-BF4B-00C04F79EFBC}") = "Domain", "Domain\Domain.csproj", "{7D750DA9-34A1-486A-A14B-EFE136A1BD6E}"
EndProject
Project("{FAE04EC0-301F-11D3-BF4B-00C04F79EFBC}") = "Infrastructure", "Infrastructure\Infrastructure.csproj", "{F186FA19-A852-416A-8815-44B251B278CB}"
EndProject
Project("{FAE04EC0-301F-11D3-BF4B-00C04F79EFBC}") = "Shared", "Shared\Shared.csproj", "{D4377CA8-AA71-4C2D-B02B-B9EE19964BE9}"
EndProject
Global
	GlobalSection(SolutionConfigurationPlatforms) = preSolution
		Debug|Any CPU = Debug|Any CPU
		Release|Any CPU = Release|Any CPU
	EndGlobalSection
	GlobalSection(ProjectConfigurationPlatforms) = postSolution
		{543899BC-F158-4E4D-94F5-8CC758800180}.Debug|Any CPU.ActiveCfg = Debug|Any CPU
		{543899BC-F158-4E4D-94F5-8CC758800180}.Debug|Any CPU.Build.0 = Debug|Any CPU
		{543899BC-F158-4E4D-94F5-8CC758800180}.Release|Any CPU.ActiveCfg = Release|Any CPU
		{543899BC-F158-4E4D-94F5-8CC758800180}.Release|Any CPU.Build.0 = Release|Any CPU
		{CB5EC608-F8CD-43C9-B4AB-99B112DCC382}.Debug|Any CPU.ActiveCfg = Debug|Any CPU
		{CB5EC608-F8CD-43C9-B4AB-99B112DCC382}.Debug|Any CPU.Build.0 = Debug|Any CPU
		{CB5EC608-F8CD-43C9-B4AB-99B112DCC382}.Release|Any CPU.ActiveCfg = Release|Any CPU
		{CB5EC608-F8CD-43C9-B4AB-99B112DCC382}.Release|Any CPU.Build.0 = Release|Any CPU
		{7D750DA9-34A1-486A-A14B-EFE136A1BD6E}.Debug|Any CPU.ActiveCfg = Debug|Any CPU
		{7D750DA9-34A1-486A-A14B-EFE136A1BD6E}.Debug|Any CPU.Build.0 = Debug|Any CPU
		{7D750DA9-34A1-486A-A14B-EFE136A1BD6E}.Release|Any CPU.ActiveCfg = Release|Any CPU
		{7D750DA9-34A1-486A-A14B-EFE136A1BD6E}.Release|Any CPU.Build.0 = Release|Any CPU
		{F186FA19-A852-416A-8815-44B251B278CB}.Debug|Any CPU.ActiveCfg = Debug|Any CPU
		{F186FA19-A852-416A-8815-44B251B278CB}.Debug|Any CPU.Build.0 = Debug|Any CPU
		{F186FA19-A852-416A-8815-44B251B278CB}.Release|Any CPU.ActiveCfg = Release|Any CPU
		{F186FA19-A852-416A-8815-44B251B278CB}.Release|Any CPU.Build.0 = Release|Any CPU
		{D4377CA8-AA71-4C2D-B02B-B9EE19964BE9}.Debug|Any CPU.ActiveCfg = Debug|Any CPU
		{D4377CA8-AA71-4C2D-B02B-B9EE19964BE9}.Debug|Any CPU.Build.0 = Debug|Any CPU
		{D4377CA8-AA71-4C2D-B02B-B9EE19964BE9}.Release|Any CPU.ActiveCfg = Release|Any CPU
		{D4377CA8-AA71-4C2D-B02B-B9EE19964BE9}.Release|Any CPU.Build.0 = Release|Any CPU
	EndGlobalSection
	GlobalSection(SolutionProperties) = preSolution
		HideSolutionNode = FALSE
	EndGlobalSection
EndGlobal
